// !$*UTF8*$!
{
	archiveVersion = 1;
	classes = {
	};
	objectVersion = 55;
	objects = {

/* Begin PBXBuildFile section */
		6E458E8428F1EC8D00DDE1AC /* WordOfTheDayApp.swift in Sources */ = {isa = PBXBuildFile; fileRef = 6E458E8328F1EC8D00DDE1AC /* WordOfTheDayApp.swift */; };
		6E458E8628F1EC8D00DDE1AC /* WordOfTheDayView.swift in Sources */ = {isa = PBXBuildFile; fileRef = 6E458E8528F1EC8D00DDE1AC /* WordOfTheDayView.swift */; };
		6E458E8828F1EC8F00DDE1AC /* Assets.xcassets in Resources */ = {isa = PBXBuildFile; fileRef = 6E458E8728F1EC8F00DDE1AC /* Assets.xcassets */; };
		6E458E8B28F1EC8F00DDE1AC /* Preview Assets.xcassets in Resources */ = {isa = PBXBuildFile; fileRef = 6E458E8A28F1EC8F00DDE1AC /* Preview Assets.xcassets */; };
		6E458E9228F1ED5E00DDE1AC /* EnvironmentValues.swift in Sources */ = {isa = PBXBuildFile; fileRef = 6E458E9128F1ED5E00DDE1AC /* EnvironmentValues.swift */; };
		6E458E9728F1F10F00DDE1AC /* FeatureToggleProvider.swift in Sources */ = {isa = PBXBuildFile; fileRef = 6E458E9428F1F10F00DDE1AC /* FeatureToggleProvider.swift */; };
		6E458E9828F1F10F00DDE1AC /* FeatureToggles.generated.swift in Sources */ = {isa = PBXBuildFile; fileRef = 6E458E9528F1F10F00DDE1AC /* FeatureToggles.generated.swift */; };
		6E458E9928F1F10F00DDE1AC /* FakeFeatureTogglesProvider.swift in Sources */ = {isa = PBXBuildFile; fileRef = 6E458E9628F1F10F00DDE1AC /* FakeFeatureTogglesProvider.swift */; };
		6E458EA428F1F12300DDE1AC /* GoogleService-Info.plist in Resources */ = {isa = PBXBuildFile; fileRef = 6E458E9F28F1F12300DDE1AC /* GoogleService-Info.plist */; };
		6E458EA528F1F12300DDE1AC /* FirebaseConfigurationProvider.swift in Sources */ = {isa = PBXBuildFile; fileRef = 6E458EA028F1F12300DDE1AC /* FirebaseConfigurationProvider.swift */; };
		6E458EA828F1F2C100DDE1AC /* FirebaseRemoteConfig in Frameworks */ = {isa = PBXBuildFile; productRef = 6E458EA728F1F2C100DDE1AC /* FirebaseRemoteConfig */; };
		6E458EAA28F1F2C100DDE1AC /* FirebaseRemoteConfigSwift in Frameworks */ = {isa = PBXBuildFile; productRef = 6E458EA928F1F2C100DDE1AC /* FirebaseRemoteConfigSwift */; };
		6E458EAE28F22ED100DDE1AC /* WordOfTheDayViewModel.swift in Sources */ = {isa = PBXBuildFile; fileRef = 6E458EAD28F22ED100DDE1AC /* WordOfTheDayViewModel.swift */; };
		6E458EB028F2315D00DDE1AC /* Theme.swift in Sources */ = {isa = PBXBuildFile; fileRef = 6E458EAF28F2315D00DDE1AC /* Theme.swift */; };
		6E458EB228F232D200DDE1AC /* Color+.swift in Sources */ = {isa = PBXBuildFile; fileRef = 6E458EB128F232D200DDE1AC /* Color+.swift */; };
/* End PBXBuildFile section */

/* Begin PBXFileReference section */
		6E458E8028F1EC8D00DDE1AC /* WordOfTheDay.app */ = {isa = PBXFileReference; explicitFileType = wrapper.application; includeInIndex = 0; path = WordOfTheDay.app; sourceTree = BUILT_PRODUCTS_DIR; };
		6E458E8328F1EC8D00DDE1AC /* WordOfTheDayApp.swift */ = {isa = PBXFileReference; lastKnownFileType = sourcecode.swift; path = WordOfTheDayApp.swift; sourceTree = "<group>"; };
		6E458E8528F1EC8D00DDE1AC /* WordOfTheDayView.swift */ = {isa = PBXFileReference; lastKnownFileType = sourcecode.swift; path = WordOfTheDayView.swift; sourceTree = "<group>"; };
		6E458E8728F1EC8F00DDE1AC /* Assets.xcassets */ = {isa = PBXFileReference; lastKnownFileType = folder.assetcatalog; path = Assets.xcassets; sourceTree = "<group>"; };
		6E458E8A28F1EC8F00DDE1AC /* Preview Assets.xcassets */ = {isa = PBXFileReference; lastKnownFileType = folder.assetcatalog; path = "Preview Assets.xcassets"; sourceTree = "<group>"; };
		6E458E9128F1ED5E00DDE1AC /* EnvironmentValues.swift */ = {isa = PBXFileReference; lastKnownFileType = sourcecode.swift; path = EnvironmentValues.swift; sourceTree = "<group>"; };
		6E458E9428F1F10F00DDE1AC /* FeatureToggleProvider.swift */ = {isa = PBXFileReference; fileEncoding = 4; lastKnownFileType = sourcecode.swift; path = FeatureToggleProvider.swift; sourceTree = "<group>"; };
		6E458E9528F1F10F00DDE1AC /* FeatureToggles.generated.swift */ = {isa = PBXFileReference; fileEncoding = 4; lastKnownFileType = sourcecode.swift; path = FeatureToggles.generated.swift; sourceTree = "<group>"; };
		6E458E9628F1F10F00DDE1AC /* FakeFeatureTogglesProvider.swift */ = {isa = PBXFileReference; fileEncoding = 4; lastKnownFileType = sourcecode.swift; path = FakeFeatureTogglesProvider.swift; sourceTree = "<group>"; };
		6E458E9F28F1F12300DDE1AC /* GoogleService-Info.plist */ = {isa = PBXFileReference; fileEncoding = 4; lastKnownFileType = text.plist.xml; path = "GoogleService-Info.plist"; sourceTree = "<group>"; };
		6E458EA028F1F12300DDE1AC /* FirebaseConfigurationProvider.swift */ = {isa = PBXFileReference; fileEncoding = 4; lastKnownFileType = sourcecode.swift; path = FirebaseConfigurationProvider.swift; sourceTree = "<group>"; };
		6E458EAD28F22ED100DDE1AC /* WordOfTheDayViewModel.swift */ = {isa = PBXFileReference; lastKnownFileType = sourcecode.swift; path = WordOfTheDayViewModel.swift; sourceTree = "<group>"; };
		6E458EAF28F2315D00DDE1AC /* Theme.swift */ = {isa = PBXFileReference; lastKnownFileType = sourcecode.swift; path = Theme.swift; sourceTree = "<group>"; };
		6E458EB128F232D200DDE1AC /* Color+.swift */ = {isa = PBXFileReference; lastKnownFileType = sourcecode.swift; path = "Color+.swift"; sourceTree = "<group>"; };
		6E688D1428F32A00007FF7B2 /* remoteConfig.json */ = {isa = PBXFileReference; fileEncoding = 4; lastKnownFileType = text.json; path = remoteConfig.json; sourceTree = "<group>"; };
		6E688D1528F32A00007FF7B2 /* firebaseConfiguration.stencil */ = {isa = PBXFileReference; fileEncoding = 4; lastKnownFileType = text; path = firebaseConfiguration.stencil; sourceTree = "<group>"; };
		6E688D1828F32A15007FF7B2 /* generate.sh */ = {isa = PBXFileReference; fileEncoding = 4; lastKnownFileType = text.script.sh; path = generate.sh; sourceTree = "<group>"; };
/* End PBXFileReference section */

/* Begin PBXFrameworksBuildPhase section */
		6E458E7D28F1EC8D00DDE1AC /* Frameworks */ = {
			isa = PBXFrameworksBuildPhase;
			buildActionMask = 2147483647;
			files = (
				6E458EA828F1F2C100DDE1AC /* FirebaseRemoteConfig in Frameworks */,
				6E458EAA28F1F2C100DDE1AC /* FirebaseRemoteConfigSwift in Frameworks */,
			);
			runOnlyForDeploymentPostprocessing = 0;
		};
/* End PBXFrameworksBuildPhase section */

/* Begin PBXGroup section */
		6E458E7728F1EC8D00DDE1AC = {
			isa = PBXGroup;
			children = (
				6E458E8228F1EC8D00DDE1AC /* WordOfTheDay */,
				6E458E8128F1EC8D00DDE1AC /* Products */,
			);
			sourceTree = "<group>";
		};
		6E458E8128F1EC8D00DDE1AC /* Products */ = {
			isa = PBXGroup;
			children = (
				6E458E8028F1EC8D00DDE1AC /* WordOfTheDay.app */,
			);
			name = Products;
			sourceTree = "<group>";
		};
		6E458E8228F1EC8D00DDE1AC /* WordOfTheDay */ = {
			isa = PBXGroup;
			children = (
				6E458E9128F1ED5E00DDE1AC /* EnvironmentValues.swift */,
				6E458EAF28F2315D00DDE1AC /* Theme.swift */,
				6E458EB128F232D200DDE1AC /* Color+.swift */,
				6E458E8328F1EC8D00DDE1AC /* WordOfTheDayApp.swift */,
				6E458E8528F1EC8D00DDE1AC /* WordOfTheDayView.swift */,
				6E458EAD28F22ED100DDE1AC /* WordOfTheDayViewModel.swift */,
				6E458E9328F1EDB900DDE1AC /* FeatureToggles */,
				6E458E8728F1EC8F00DDE1AC /* Assets.xcassets */,
				6E458E8928F1EC8F00DDE1AC /* Preview Content */,
			);
			path = WordOfTheDay;
			sourceTree = "<group>";
		};
		6E458E8928F1EC8F00DDE1AC /* Preview Content */ = {
			isa = PBXGroup;
			children = (
				6E458E8A28F1EC8F00DDE1AC /* Preview Assets.xcassets */,
			);
			path = "Preview Content";
			sourceTree = "<group>";
		};
		6E458E9328F1EDB900DDE1AC /* FeatureToggles */ = {
			isa = PBXGroup;
			children = (
				6E688D1828F32A15007FF7B2 /* generate.sh */,
				6E458E9628F1F10F00DDE1AC /* FakeFeatureTogglesProvider.swift */,
				6E458E9428F1F10F00DDE1AC /* FeatureToggleProvider.swift */,
				6E458E9528F1F10F00DDE1AC /* FeatureToggles.generated.swift */,
				6E458E9E28F1F12300DDE1AC /* FirebaseConfiguration */,
			);
			path = FeatureToggles;
			sourceTree = "<group>";
		};
		6E458E9E28F1F12300DDE1AC /* FirebaseConfiguration */ = {
			isa = PBXGroup;
			children = (
				6E688D1528F32A00007FF7B2 /* firebaseConfiguration.stencil */,
				6E688D1428F32A00007FF7B2 /* remoteConfig.json */,
				6E458E9F28F1F12300DDE1AC /* GoogleService-Info.plist */,
				6E458EA028F1F12300DDE1AC /* FirebaseConfigurationProvider.swift */,
			);
			path = FirebaseConfiguration;
			sourceTree = "<group>";
		};
/* End PBXGroup section */

/* Begin PBXNativeTarget section */
		6E458E7F28F1EC8D00DDE1AC /* WordOfTheDay */ = {
			isa = PBXNativeTarget;
			buildConfigurationList = 6E458E8E28F1EC8F00DDE1AC /* Build configuration list for PBXNativeTarget "WordOfTheDay" */;
			buildPhases = (
				6E458E7C28F1EC8D00DDE1AC /* Sources */,
				6E458E7D28F1EC8D00DDE1AC /* Frameworks */,
				6E458E7E28F1EC8D00DDE1AC /* Resources */,
			);
			buildRules = (
			);
			dependencies = (
			);
			name = WordOfTheDay;
			packageProductDependencies = (
				6E458EA728F1F2C100DDE1AC /* FirebaseRemoteConfig */,
				6E458EA928F1F2C100DDE1AC /* FirebaseRemoteConfigSwift */,
			);
			productName = WordOfTheDay;
			productReference = 6E458E8028F1EC8D00DDE1AC /* WordOfTheDay.app */;
			productType = "com.apple.product-type.application";
		};
/* End PBXNativeTarget section */

/* Begin PBXProject section */
		6E458E7828F1EC8D00DDE1AC /* Project object */ = {
			isa = PBXProject;
			attributes = {
				BuildIndependentTargetsInParallel = 1;
				LastSwiftUpdateCheck = 1340;
				LastUpgradeCheck = 1340;
				TargetAttributes = {
					6E458E7F28F1EC8D00DDE1AC = {
						CreatedOnToolsVersion = 13.4.1;
					};
				};
			};
			buildConfigurationList = 6E458E7B28F1EC8D00DDE1AC /* Build configuration list for PBXProject "WordOfTheDay" */;
			compatibilityVersion = "Xcode 13.0";
			developmentRegion = en;
			hasScannedForEncodings = 0;
			knownRegions = (
				en,
				Base,
			);
			mainGroup = 6E458E7728F1EC8D00DDE1AC;
			packageReferences = (
				6E458EA628F1F2C100DDE1AC /* XCRemoteSwiftPackageReference "firebase-ios-sdk" */,
			);
			productRefGroup = 6E458E8128F1EC8D00DDE1AC /* Products */;
			projectDirPath = "";
			projectRoot = "";
			targets = (
				6E458E7F28F1EC8D00DDE1AC /* WordOfTheDay */,
			);
		};
/* End PBXProject section */

/* Begin PBXResourcesBuildPhase section */
		6E458E7E28F1EC8D00DDE1AC /* Resources */ = {
			isa = PBXResourcesBuildPhase;
			buildActionMask = 2147483647;
			files = (
				6E458E8B28F1EC8F00DDE1AC /* Preview Assets.xcassets in Resources */,
				6E458E8828F1EC8F00DDE1AC /* Assets.xcassets in Resources */,
				6E458EA428F1F12300DDE1AC /* GoogleService-Info.plist in Resources */,
			);
			runOnlyForDeploymentPostprocessing = 0;
		};
/* End PBXResourcesBuildPhase section */

/* Begin PBXSourcesBuildPhase section */
		6E458E7C28F1EC8D00DDE1AC /* Sources */ = {
			isa = PBXSourcesBuildPhase;
			buildActionMask = 2147483647;
			files = (
				6E458EB028F2315D00DDE1AC /* Theme.swift in Sources */,
				6E458EB228F232D200DDE1AC /* Color+.swift in Sources */,
				6E458EA528F1F12300DDE1AC /* FirebaseConfigurationProvider.swift in Sources */,
				6E458E8628F1EC8D00DDE1AC /* WordOfTheDayView.swift in Sources */,
				6E458EAE28F22ED100DDE1AC /* WordOfTheDayViewModel.swift in Sources */,
				6E458E9228F1ED5E00DDE1AC /* EnvironmentValues.swift in Sources */,
				6E458E9928F1F10F00DDE1AC /* FakeFeatureTogglesProvider.swift in Sources */,
				6E458E9828F1F10F00DDE1AC /* FeatureToggles.generated.swift in Sources */,
				6E458E8428F1EC8D00DDE1AC /* WordOfTheDayApp.swift in Sources */,
				6E458E9728F1F10F00DDE1AC /* FeatureToggleProvider.swift in Sources */,
			);
			runOnlyForDeploymentPostprocessing = 0;
		};
/* End PBXSourcesBuildPhase section */

/* Begin XCBuildConfiguration section */
		6E458E8C28F1EC8F00DDE1AC /* Debug */ = {
			isa = XCBuildConfiguration;
			buildSettings = {
				ALWAYS_SEARCH_USER_PATHS = NO;
				CLANG_ANALYZER_NONNULL = YES;
				CLANG_ANALYZER_NUMBER_OBJECT_CONVERSION = YES_AGGRESSIVE;
				CLANG_CXX_LANGUAGE_STANDARD = "gnu++17";
				CLANG_ENABLE_MODULES = YES;
				CLANG_ENABLE_OBJC_ARC = YES;
				CLANG_ENABLE_OBJC_WEAK = YES;
				CLANG_WARN_BLOCK_CAPTURE_AUTORELEASING = YES;
				CLANG_WARN_BOOL_CONVERSION = YES;
				CLANG_WARN_COMMA = YES;
				CLANG_WARN_CONSTANT_CONVERSION = YES;
				CLANG_WARN_DEPRECATED_OBJC_IMPLEMENTATIONS = YES;
				CLANG_WARN_DIRECT_OBJC_ISA_USAGE = YES_ERROR;
				CLANG_WARN_DOCUMENTATION_COMMENTS = YES;
				CLANG_WARN_EMPTY_BODY = YES;
				CLANG_WARN_ENUM_CONVERSION = YES;
				CLANG_WARN_INFINITE_RECURSION = YES;
				CLANG_WARN_INT_CONVERSION = YES;
				CLANG_WARN_NON_LITERAL_NULL_CONVERSION = YES;
				CLANG_WARN_OBJC_IMPLICIT_RETAIN_SELF = YES;
				CLANG_WARN_OBJC_LITERAL_CONVERSION = YES;
				CLANG_WARN_OBJC_ROOT_CLASS = YES_ERROR;
				CLANG_WARN_QUOTED_INCLUDE_IN_FRAMEWORK_HEADER = YES;
				CLANG_WARN_RANGE_LOOP_ANALYSIS = YES;
				CLANG_WARN_STRICT_PROTOTYPES = YES;
				CLANG_WARN_SUSPICIOUS_MOVE = YES;
				CLANG_WARN_UNGUARDED_AVAILABILITY = YES_AGGRESSIVE;
				CLANG_WARN_UNREACHABLE_CODE = YES;
				CLANG_WARN__DUPLICATE_METHOD_MATCH = YES;
				COPY_PHASE_STRIP = NO;
				DEBUG_INFORMATION_FORMAT = dwarf;
				ENABLE_STRICT_OBJC_MSGSEND = YES;
				ENABLE_TESTABILITY = YES;
				GCC_C_LANGUAGE_STANDARD = gnu11;
				GCC_DYNAMIC_NO_PIC = NO;
				GCC_NO_COMMON_BLOCKS = YES;
				GCC_OPTIMIZATION_LEVEL = 0;
				GCC_PREPROCESSOR_DEFINITIONS = (
					"DEBUG=1",
					"$(inherited)",
				);
				GCC_WARN_64_TO_32_BIT_CONVERSION = YES;
				GCC_WARN_ABOUT_RETURN_TYPE = YES_ERROR;
				GCC_WARN_UNDECLARED_SELECTOR = YES;
				GCC_WARN_UNINITIALIZED_AUTOS = YES_AGGRESSIVE;
				GCC_WARN_UNUSED_FUNCTION = YES;
				GCC_WARN_UNUSED_VARIABLE = YES;
				IPHONEOS_DEPLOYMENT_TARGET = 15.5;
				MTL_ENABLE_DEBUG_INFO = INCLUDE_SOURCE;
				MTL_FAST_MATH = YES;
				ONLY_ACTIVE_ARCH = YES;
				SDKROOT = iphoneos;
				SWIFT_ACTIVE_COMPILATION_CONDITIONS = DEBUG;
				SWIFT_OPTIMIZATION_LEVEL = "-Onone";
			};
			name = Debug;
		};
		6E458E8D28F1EC8F00DDE1AC /* Release */ = {
			isa = XCBuildConfiguration;
			buildSettings = {
				ALWAYS_SEARCH_USER_PATHS = NO;
				CLANG_ANALYZER_NONNULL = YES;
				CLANG_ANALYZER_NUMBER_OBJECT_CONVERSION = YES_AGGRESSIVE;
				CLANG_CXX_LANGUAGE_STANDARD = "gnu++17";
				CLANG_ENABLE_MODULES = YES;
				CLANG_ENABLE_OBJC_ARC = YES;
				CLANG_ENABLE_OBJC_WEAK = YES;
				CLANG_WARN_BLOCK_CAPTURE_AUTORELEASING = YES;
				CLANG_WARN_BOOL_CONVERSION = YES;
				CLANG_WARN_COMMA = YES;
				CLANG_WARN_CONSTANT_CONVERSION = YES;
				CLANG_WARN_DEPRECATED_OBJC_IMPLEMENTATIONS = YES;
				CLANG_WARN_DIRECT_OBJC_ISA_USAGE = YES_ERROR;
				CLANG_WARN_DOCUMENTATION_COMMENTS = YES;
				CLANG_WARN_EMPTY_BODY = YES;
				CLANG_WARN_ENUM_CONVERSION = YES;
				CLANG_WARN_INFINITE_RECURSION = YES;
				CLANG_WARN_INT_CONVERSION = YES;
				CLANG_WARN_NON_LITERAL_NULL_CONVERSION = YES;
				CLANG_WARN_OBJC_IMPLICIT_RETAIN_SELF = YES;
				CLANG_WARN_OBJC_LITERAL_CONVERSION = YES;
				CLANG_WARN_OBJC_ROOT_CLASS = YES_ERROR;
				CLANG_WARN_QUOTED_INCLUDE_IN_FRAMEWORK_HEADER = YES;
				CLANG_WARN_RANGE_LOOP_ANALYSIS = YES;
				CLANG_WARN_STRICT_PROTOTYPES = YES;
				CLANG_WARN_SUSPICIOUS_MOVE = YES;
				CLANG_WARN_UNGUARDED_AVAILABILITY = YES_AGGRESSIVE;
				CLANG_WARN_UNREACHABLE_CODE = YES;
				CLANG_WARN__DUPLICATE_METHOD_MATCH = YES;
				COPY_PHASE_STRIP = NO;
				DEBUG_INFORMATION_FORMAT = "dwarf-with-dsym";
				ENABLE_NS_ASSERTIONS = NO;
				ENABLE_STRICT_OBJC_MSGSEND = YES;
				GCC_C_LANGUAGE_STANDARD = gnu11;
				GCC_NO_COMMON_BLOCKS = YES;
				GCC_WARN_64_TO_32_BIT_CONVERSION = YES;
				GCC_WARN_ABOUT_RETURN_TYPE = YES_ERROR;
				GCC_WARN_UNDECLARED_SELECTOR = YES;
				GCC_WARN_UNINITIALIZED_AUTOS = YES_AGGRESSIVE;
				GCC_WARN_UNUSED_FUNCTION = YES;
				GCC_WARN_UNUSED_VARIABLE = YES;
				IPHONEOS_DEPLOYMENT_TARGET = 15.5;
				MTL_ENABLE_DEBUG_INFO = NO;
				MTL_FAST_MATH = YES;
				SDKROOT = iphoneos;
				SWIFT_COMPILATION_MODE = wholemodule;
				SWIFT_OPTIMIZATION_LEVEL = "-O";
				VALIDATE_PRODUCT = YES;
			};
			name = Release;
		};
		6E458E8F28F1EC8F00DDE1AC /* Debug */ = {
			isa = XCBuildConfiguration;
			buildSettings = {
				ASSETCATALOG_COMPILER_APPICON_NAME = AppIcon;
				ASSETCATALOG_COMPILER_GLOBAL_ACCENT_COLOR_NAME = AccentColor;
				CODE_SIGN_STYLE = Automatic;
				CURRENT_PROJECT_VERSION = 1;
				DEVELOPMENT_ASSET_PATHS = "\"WordOfTheDay/Preview Content\"";
				DEVELOPMENT_TEAM = PKK38A5A2E;
				ENABLE_PREVIEWS = YES;
				GENERATE_INFOPLIST_FILE = YES;
				INFOPLIST_KEY_UIApplicationSceneManifest_Generation = YES;
				INFOPLIST_KEY_UIApplicationSupportsIndirectInputEvents = YES;
				INFOPLIST_KEY_UILaunchScreen_Generation = YES;
				INFOPLIST_KEY_UISupportedInterfaceOrientations_iPad = "UIInterfaceOrientationPortrait UIInterfaceOrientationPortraitUpsideDown UIInterfaceOrientationLandscapeLeft UIInterfaceOrientationLandscapeRight";
				INFOPLIST_KEY_UISupportedInterfaceOrientations_iPhone = "UIInterfaceOrientationPortrait UIInterfaceOrientationLandscapeLeft UIInterfaceOrientationLandscapeRight";
				LD_RUNPATH_SEARCH_PATHS = (
					"$(inherited)",
					"@executable_path/Frameworks",
				);
				MARKETING_VERSION = 1.0;
				PRODUCT_BUNDLE_IDENTIFIER = "com.microeditionbiz.Codegen-FeatureToggles";
				PRODUCT_NAME = "$(TARGET_NAME)";
				SWIFT_EMIT_LOC_STRINGS = YES;
				SWIFT_VERSION = 5.0;
				TARGETED_DEVICE_FAMILY = "1,2";
			};
			name = Debug;
		};
		6E458E9028F1EC8F00DDE1AC /* Release */ = {
			isa = XCBuildConfiguration;
			buildSettings = {
				ASSETCATALOG_COMPILER_APPICON_NAME = AppIcon;
				ASSETCATALOG_COMPILER_GLOBAL_ACCENT_COLOR_NAME = AccentColor;
				CODE_SIGN_STYLE = Automatic;
				CURRENT_PROJECT_VERSION = 1;
				DEVELOPMENT_ASSET_PATHS = "\"WordOfTheDay/Preview Content\"";
				DEVELOPMENT_TEAM = PKK38A5A2E;
				ENABLE_PREVIEWS = YES;
				GENERATE_INFOPLIST_FILE = YES;
				INFOPLIST_KEY_UIApplicationSceneManifest_Generation = YES;
				INFOPLIST_KEY_UIApplicationSupportsIndirectInputEvents = YES;
				INFOPLIST_KEY_UILaunchScreen_Generation = YES;
				INFOPLIST_KEY_UISupportedInterfaceOrientations_iPad = "UIInterfaceOrientationPortrait UIInterfaceOrientationPortraitUpsideDown UIInterfaceOrientationLandscapeLeft UIInterfaceOrientationLandscapeRight";
				INFOPLIST_KEY_UISupportedInterfaceOrientations_iPhone = "UIInterfaceOrientationPortrait UIInterfaceOrientationLandscapeLeft UIInterfaceOrientationLandscapeRight";
				LD_RUNPATH_SEARCH_PATHS = (
					"$(inherited)",
					"@executable_path/Frameworks",
				);
				MARKETING_VERSION = 1.0;
				PRODUCT_BUNDLE_IDENTIFIER = "com.microeditionbiz.Codegen-FeatureToggles";
				PRODUCT_NAME = "$(TARGET_NAME)";
				SWIFT_EMIT_LOC_STRINGS = YES;
				SWIFT_VERSION = 5.0;
				TARGETED_DEVICE_FAMILY = "1,2";
			};
			name = Release;
		};
/* End XCBuildConfiguration section */

/* Begin XCConfigurationList section */
		6E458E7B28F1EC8D00DDE1AC /* Build configuration list for PBXProject "WordOfTheDay" */ = {
			isa = XCConfigurationList;
			buildConfigurations = (
				6E458E8C28F1EC8F00DDE1AC /* Debug */,
				6E458E8D28F1EC8F00DDE1AC /* Release */,
			);
			defaultConfigurationIsVisible = 0;
			defaultConfigurationName = Release;
		};
		6E458E8E28F1EC8F00DDE1AC /* Build configuration list for PBXNativeTarget "WordOfTheDay" */ = {
			isa = XCConfigurationList;
			buildConfigurations = (
				6E458E8F28F1EC8F00DDE1AC /* Debug */,
				6E458E9028F1EC8F00DDE1AC /* Release */,
			);
			defaultConfigurationIsVisible = 0;
			defaultConfigurationName = Release;
		};
/* End XCConfigurationList section */

/* Begin XCRemoteSwiftPackageReference section */
		6E458EA628F1F2C100DDE1AC /* XCRemoteSwiftPackageReference "firebase-ios-sdk" */ = {
			isa = XCRemoteSwiftPackageReference;
			repositoryURL = "https://github.com/firebase/firebase-ios-sdk";
			requirement = {
				kind = upToNextMajorVersion;
				minimumVersion = 9.0.0;
			};
		};
/* End XCRemoteSwiftPackageReference section */

/* Begin XCSwiftPackageProductDependency section */
		6E458EA728F1F2C100DDE1AC /* FirebaseRemoteConfig */ = {
			isa = XCSwiftPackageProductDependency;
			package = 6E458EA628F1F2C100DDE1AC /* XCRemoteSwiftPackageReference "firebase-ios-sdk" */;
			productName = FirebaseRemoteConfig;
		};
		6E458EA928F1F2C100DDE1AC /* FirebaseRemoteConfigSwift */ = {
			isa = XCSwiftPackageProductDependency;
			package = 6E458EA628F1F2C100DDE1AC /* XCRemoteSwiftPackageReference "firebase-ios-sdk" */;
			productName = FirebaseRemoteConfigSwift;
		};
/* End XCSwiftPackageProductDependency section */
	};
	rootObject = 6E458E7828F1EC8D00DDE1AC /* Project object */;
}
