// !$*UTF8*$!
{
	archiveVersion = 1;
	classes = {
	};
	objectVersion = 55;
	objects = {

/* Begin PBXBuildFile section */
		6E866AA628BE7FDB000AD476 /* ArgumentParser in Frameworks */ = {isa = PBXBuildFile; productRef = 6E866AA528BE7FDB000AD476 /* ArgumentParser */; };
		6E866AA928BE8279000AD476 /* template.stencil in CopyFiles */ = {isa = PBXBuildFile; fileRef = 6E866AA728BE823E000AD476 /* template.stencil */; };
		6EE04D0328A172E3003E435D /* main.swift in Sources */ = {isa = PBXBuildFile; fileRef = 6EE04D0228A172E3003E435D /* main.swift */; };
		6EE04D1128A17C3B003E435D /* Generator in Frameworks */ = {isa = PBXBuildFile; productRef = 6EE04D1028A17C3B003E435D /* Generator */; };
/* End PBXBuildFile section */

/* Begin PBXCopyFilesBuildPhase section */
		6E866AA828BE826D000AD476 /* CopyFiles */ = {
			isa = PBXCopyFilesBuildPhase;
			buildActionMask = 2147483647;
			dstPath = templates;
			dstSubfolderSpec = 16;
			files = (
				6E866AA928BE8279000AD476 /* template.stencil in CopyFiles */,
			);
			runOnlyForDeploymentPostprocessing = 0;
		};
		6EE04CFD28A172E3003E435D /* CopyFiles */ = {
			isa = PBXCopyFilesBuildPhase;
			buildActionMask = 2147483647;
			dstPath = /usr/share/man/man1/;
			dstSubfolderSpec = 0;
			files = (
			);
			runOnlyForDeploymentPostprocessing = 1;
		};
/* End PBXCopyFilesBuildPhase section */

/* Begin PBXFileReference section */
		6E866AA728BE823E000AD476 /* template.stencil */ = {isa = PBXFileReference; lastKnownFileType = text; path = template.stencil; sourceTree = "<group>"; };
		6EE04CFF28A172E3003E435D /* File-Input-Codegenerator */ = {isa = PBXFileReference; explicitFileType = "compiled.mach-o.executable"; includeInIndex = 0; path = "File-Input-Codegenerator"; sourceTree = BUILT_PRODUCTS_DIR; };
		6EE04D0228A172E3003E435D /* main.swift */ = {isa = PBXFileReference; lastKnownFileType = sourcecode.swift; path = main.swift; sourceTree = "<group>"; };
		6EE04D0E28A17C27003E435D /* Generator */ = {isa = PBXFileReference; lastKnownFileType = wrapper; path = Generator; sourceTree = "<group>"; };
		6EE04D1228A17D64003E435D /* example.yml */ = {isa = PBXFileReference; lastKnownFileType = text.yaml; path = example.yml; sourceTree = "<group>"; };
/* End PBXFileReference section */

/* Begin PBXFrameworksBuildPhase section */
		6EE04CFC28A172E3003E435D /* Frameworks */ = {
			isa = PBXFrameworksBuildPhase;
			buildActionMask = 2147483647;
			files = (
				6E866AA628BE7FDB000AD476 /* ArgumentParser in Frameworks */,
				6EE04D1128A17C3B003E435D /* Generator in Frameworks */,
			);
			runOnlyForDeploymentPostprocessing = 0;
		};
/* End PBXFrameworksBuildPhase section */

/* Begin PBXGroup section */
		6EE04CF628A172E3003E435D = {
			isa = PBXGroup;
			children = (
				6EE04D0D28A17C27003E435D /* Packages */,
				6EE04D0128A172E3003E435D /* File-Input-Codegenerator */,
				6EE04D0028A172E3003E435D /* Products */,
				6EE04D0F28A17C3B003E435D /* Frameworks */,
			);
			sourceTree = "<group>";
		};
		6EE04D0028A172E3003E435D /* Products */ = {
			isa = PBXGroup;
			children = (
				6EE04CFF28A172E3003E435D /* File-Input-Codegenerator */,
			);
			name = Products;
			sourceTree = "<group>";
		};
		6EE04D0128A172E3003E435D /* File-Input-Codegenerator */ = {
			isa = PBXGroup;
			children = (
				6EE04D0228A172E3003E435D /* main.swift */,
				6EE04D1228A17D64003E435D /* example.yml */,
				6E866AA728BE823E000AD476 /* template.stencil */,
			);
			path = "File-Input-Codegenerator";
			sourceTree = "<group>";
		};
		6EE04D0D28A17C27003E435D /* Packages */ = {
			isa = PBXGroup;
			children = (
				6EE04D0E28A17C27003E435D /* Generator */,
			);
			name = Packages;
			sourceTree = "<group>";
		};
		6EE04D0F28A17C3B003E435D /* Frameworks */ = {
			isa = PBXGroup;
			children = (
			);
			name = Frameworks;
			sourceTree = "<group>";
		};
/* End PBXGroup section */

/* Begin PBXNativeTarget section */
		6EE04CFE28A172E3003E435D /* File-Input-Codegenerator */ = {
			isa = PBXNativeTarget;
			buildConfigurationList = 6EE04D0628A172E3003E435D /* Build configuration list for PBXNativeTarget "File-Input-Codegenerator" */;
			buildPhases = (
				6EE04CFB28A172E3003E435D /* Sources */,
				6EE04CFC28A172E3003E435D /* Frameworks */,
				6EE04CFD28A172E3003E435D /* CopyFiles */,
				6E866AA828BE826D000AD476 /* CopyFiles */,
			);
			buildRules = (
			);
			dependencies = (
			);
			name = "File-Input-Codegenerator";
			packageProductDependencies = (
				6EE04D1028A17C3B003E435D /* Generator */,
				6E866AA528BE7FDB000AD476 /* ArgumentParser */,
			);
			productName = "File-Input-Codegenerator";
			productReference = 6EE04CFF28A172E3003E435D /* File-Input-Codegenerator */;
			productType = "com.apple.product-type.tool";
		};
/* End PBXNativeTarget section */

/* Begin PBXProject section */
		6EE04CF728A172E3003E435D /* Project object */ = {
			isa = PBXProject;
			attributes = {
				BuildIndependentTargetsInParallel = 1;
				LastSwiftUpdateCheck = 1340;
				LastUpgradeCheck = 1340;
				TargetAttributes = {
					6EE04CFE28A172E3003E435D = {
						CreatedOnToolsVersion = 13.4.1;
					};
				};
			};
			buildConfigurationList = 6EE04CFA28A172E3003E435D /* Build configuration list for PBXProject "File-Input-Codegenerator" */;
			compatibilityVersion = "Xcode 13.0";
			developmentRegion = en;
			hasScannedForEncodings = 0;
			knownRegions = (
				en,
				Base,
			);
			mainGroup = 6EE04CF628A172E3003E435D;
			packageReferences = (
				6EE04D0928A1774A003E435D /* XCRemoteSwiftPackageReference "swift-argument-parser" */,
			);
			productRefGroup = 6EE04D0028A172E3003E435D /* Products */;
			projectDirPath = "";
			projectRoot = "";
			targets = (
				6EE04CFE28A172E3003E435D /* File-Input-Codegenerator */,
			);
		};
/* End PBXProject section */

/* Begin PBXSourcesBuildPhase section */
		6EE04CFB28A172E3003E435D /* Sources */ = {
			isa = PBXSourcesBuildPhase;
			buildActionMask = 2147483647;
			files = (
				6EE04D0328A172E3003E435D /* main.swift in Sources */,
			);
			runOnlyForDeploymentPostprocessing = 0;
		};
/* End PBXSourcesBuildPhase section */

/* Begin XCBuildConfiguration section */
		6EE04D0428A172E3003E435D /* Debug */ = {
			isa = XCBuildConfiguration;
			buildSettings = {
				ALWAYS_SEARCH_USER_PATHS = NO;
				CLANG_ANALYZER_NONNULL = YES;
				CLANG_ANALYZER_NUMBER_OBJECT_CONVERSION = YES_AGGRESSIVE;
				CLANG_CXX_LANGUAGE_STANDARD = "gnu++17";
				CLANG_ENABLE_MODULES = YES;
				CLANG_ENABLE_OBJC_ARC = YES;
				CLANG_ENABLE_OBJC_WEAK = YES;
				CLANG_WARN_BLOCK_CAPTURE_AUTORELEASING = YES;
				CLANG_WARN_BOOL_CONVERSION = YES;
				CLANG_WARN_COMMA = YES;
				CLANG_WARN_CONSTANT_CONVERSION = YES;
				CLANG_WARN_DEPRECATED_OBJC_IMPLEMENTATIONS = YES;
				CLANG_WARN_DIRECT_OBJC_ISA_USAGE = YES_ERROR;
				CLANG_WARN_DOCUMENTATION_COMMENTS = YES;
				CLANG_WARN_EMPTY_BODY = YES;
				CLANG_WARN_ENUM_CONVERSION = YES;
				CLANG_WARN_INFINITE_RECURSION = YES;
				CLANG_WARN_INT_CONVERSION = YES;
				CLANG_WARN_NON_LITERAL_NULL_CONVERSION = YES;
				CLANG_WARN_OBJC_IMPLICIT_RETAIN_SELF = YES;
				CLANG_WARN_OBJC_LITERAL_CONVERSION = YES;
				CLANG_WARN_OBJC_ROOT_CLASS = YES_ERROR;
				CLANG_WARN_QUOTED_INCLUDE_IN_FRAMEWORK_HEADER = YES;
				CLANG_WARN_RANGE_LOOP_ANALYSIS = YES;
				CLANG_WARN_STRICT_PROTOTYPES = YES;
				CLANG_WARN_SUSPICIOUS_MOVE = YES;
				CLANG_WARN_UNGUARDED_AVAILABILITY = YES_AGGRESSIVE;
				CLANG_WARN_UNREACHABLE_CODE = YES;
				CLANG_WARN__DUPLICATE_METHOD_MATCH = YES;
				COPY_PHASE_STRIP = NO;
				DEBUG_INFORMATION_FORMAT = dwarf;
				ENABLE_STRICT_OBJC_MSGSEND = YES;
				ENABLE_TESTABILITY = YES;
				GCC_C_LANGUAGE_STANDARD = gnu11;
				GCC_DYNAMIC_NO_PIC = NO;
				GCC_NO_COMMON_BLOCKS = YES;
				GCC_OPTIMIZATION_LEVEL = 0;
				GCC_PREPROCESSOR_DEFINITIONS = (
					"DEBUG=1",
					"$(inherited)",
				);
				GCC_WARN_64_TO_32_BIT_CONVERSION = YES;
				GCC_WARN_ABOUT_RETURN_TYPE = YES_ERROR;
				GCC_WARN_UNDECLARED_SELECTOR = YES;
				GCC_WARN_UNINITIALIZED_AUTOS = YES_AGGRESSIVE;
				GCC_WARN_UNUSED_FUNCTION = YES;
				GCC_WARN_UNUSED_VARIABLE = YES;
				MACOSX_DEPLOYMENT_TARGET = 12.3;
				MTL_ENABLE_DEBUG_INFO = INCLUDE_SOURCE;
				MTL_FAST_MATH = YES;
				ONLY_ACTIVE_ARCH = YES;
				SDKROOT = macosx;
				SWIFT_ACTIVE_COMPILATION_CONDITIONS = DEBUG;
				SWIFT_OPTIMIZATION_LEVEL = "-Onone";
			};
			name = Debug;
		};
		6EE04D0528A172E3003E435D /* Release */ = {
			isa = XCBuildConfiguration;
			buildSettings = {
				ALWAYS_SEARCH_USER_PATHS = NO;
				CLANG_ANALYZER_NONNULL = YES;
				CLANG_ANALYZER_NUMBER_OBJECT_CONVERSION = YES_AGGRESSIVE;
				CLANG_CXX_LANGUAGE_STANDARD = "gnu++17";
				CLANG_ENABLE_MODULES = YES;
				CLANG_ENABLE_OBJC_ARC = YES;
				CLANG_ENABLE_OBJC_WEAK = YES;
				CLANG_WARN_BLOCK_CAPTURE_AUTORELEASING = YES;
				CLANG_WARN_BOOL_CONVERSION = YES;
				CLANG_WARN_COMMA = YES;
				CLANG_WARN_CONSTANT_CONVERSION = YES;
				CLANG_WARN_DEPRECATED_OBJC_IMPLEMENTATIONS = YES;
				CLANG_WARN_DIRECT_OBJC_ISA_USAGE = YES_ERROR;
				CLANG_WARN_DOCUMENTATION_COMMENTS = YES;
				CLANG_WARN_EMPTY_BODY = YES;
				CLANG_WARN_ENUM_CONVERSION = YES;
				CLANG_WARN_INFINITE_RECURSION = YES;
				CLANG_WARN_INT_CONVERSION = YES;
				CLANG_WARN_NON_LITERAL_NULL_CONVERSION = YES;
				CLANG_WARN_OBJC_IMPLICIT_RETAIN_SELF = YES;
				CLANG_WARN_OBJC_LITERAL_CONVERSION = YES;
				CLANG_WARN_OBJC_ROOT_CLASS = YES_ERROR;
				CLANG_WARN_QUOTED_INCLUDE_IN_FRAMEWORK_HEADER = YES;
				CLANG_WARN_RANGE_LOOP_ANALYSIS = YES;
				CLANG_WARN_STRICT_PROTOTYPES = YES;
				CLANG_WARN_SUSPICIOUS_MOVE = YES;
				CLANG_WARN_UNGUARDED_AVAILABILITY = YES_AGGRESSIVE;
				CLANG_WARN_UNREACHABLE_CODE = YES;
				CLANG_WARN__DUPLICATE_METHOD_MATCH = YES;
				COPY_PHASE_STRIP = NO;
				DEBUG_INFORMATION_FORMAT = "dwarf-with-dsym";
				ENABLE_NS_ASSERTIONS = NO;
				ENABLE_STRICT_OBJC_MSGSEND = YES;
				GCC_C_LANGUAGE_STANDARD = gnu11;
				GCC_NO_COMMON_BLOCKS = YES;
				GCC_WARN_64_TO_32_BIT_CONVERSION = YES;
				GCC_WARN_ABOUT_RETURN_TYPE = YES_ERROR;
				GCC_WARN_UNDECLARED_SELECTOR = YES;
				GCC_WARN_UNINITIALIZED_AUTOS = YES_AGGRESSIVE;
				GCC_WARN_UNUSED_FUNCTION = YES;
				GCC_WARN_UNUSED_VARIABLE = YES;
				MACOSX_DEPLOYMENT_TARGET = 12.3;
				MTL_ENABLE_DEBUG_INFO = NO;
				MTL_FAST_MATH = YES;
				SDKROOT = macosx;
				SWIFT_COMPILATION_MODE = wholemodule;
				SWIFT_OPTIMIZATION_LEVEL = "-O";
			};
			name = Release;
		};
		6EE04D0728A172E3003E435D /* Debug */ = {
			isa = XCBuildConfiguration;
			buildSettings = {
				CODE_SIGN_STYLE = Automatic;
				DEVELOPMENT_TEAM = PKK38A5A2E;
				ENABLE_HARDENED_RUNTIME = YES;
				PRODUCT_NAME = "$(TARGET_NAME)";
				SWIFT_VERSION = 5.0;
			};
			name = Debug;
		};
		6EE04D0828A172E3003E435D /* Release */ = {
			isa = XCBuildConfiguration;
			buildSettings = {
				CODE_SIGN_STYLE = Automatic;
				DEVELOPMENT_TEAM = PKK38A5A2E;
				ENABLE_HARDENED_RUNTIME = YES;
				PRODUCT_NAME = "$(TARGET_NAME)";
				SWIFT_VERSION = 5.0;
			};
			name = Release;
		};
/* End XCBuildConfiguration section */

/* Begin XCConfigurationList section */
		6EE04CFA28A172E3003E435D /* Build configuration list for PBXProject "File-Input-Codegenerator" */ = {
			isa = XCConfigurationList;
			buildConfigurations = (
				6EE04D0428A172E3003E435D /* Debug */,
				6EE04D0528A172E3003E435D /* Release */,
			);
			defaultConfigurationIsVisible = 0;
			defaultConfigurationName = Release;
		};
		6EE04D0628A172E3003E435D /* Build configuration list for PBXNativeTarget "File-Input-Codegenerator" */ = {
			isa = XCConfigurationList;
			buildConfigurations = (
				6EE04D0728A172E3003E435D /* Debug */,
				6EE04D0828A172E3003E435D /* Release */,
			);
			defaultConfigurationIsVisible = 0;
			defaultConfigurationName = Release;
		};
/* End XCConfigurationList section */

/* Begin XCRemoteSwiftPackageReference section */
		6EE04D0928A1774A003E435D /* XCRemoteSwiftPackageReference "swift-argument-parser" */ = {
			isa = XCRemoteSwiftPackageReference;
			repositoryURL = "https://github.com/apple/swift-argument-parser.git";
			requirement = {
				kind = upToNextMajorVersion;
				minimumVersion = 1.0.0;
			};
		};
/* End XCRemoteSwiftPackageReference section */

/* Begin XCSwiftPackageProductDependency section */
		6E866AA528BE7FDB000AD476 /* ArgumentParser */ = {
			isa = XCSwiftPackageProductDependency;
			package = 6EE04D0928A1774A003E435D /* XCRemoteSwiftPackageReference "swift-argument-parser" */;
			productName = ArgumentParser;
		};
		6EE04D1028A17C3B003E435D /* Generator */ = {
			isa = XCSwiftPackageProductDependency;
			productName = Generator;
		};
/* End XCSwiftPackageProductDependency section */
	};
	rootObject = 6EE04CF728A172E3003E435D /* Project object */;
}
